
Microsoft Visual Studio Solution File, Format Version 12.00
# Visual Studio Version 17
VisualStudioVersion = 17.9.34902.65
MinimumVisualStudioVersion = 10.0.40219.1
Project("{FAE04EC0-301F-11D3-BF4B-00C04F79EFBC}") = "AuthenticationMicroService", "AuthenticationMicroService\AuthenticationMicroService.csproj", "{9354AD52-B736-473B-A745-47FAE62EB8C9}"
EndProject
Project("{FAE04EC0-301F-11D3-BF4B-00C04F79EFBC}") = "DAL", "DAL\DAL.csproj", "{5F0D11C5-3A59-4853-83F6-190190C50ADA}"
EndProject
Project("{FAE04EC0-301F-11D3-BF4B-00C04F79EFBC}") = "BLL", "BLL\BLL.csproj", "{6BCA6460-AD68-4F34-BFBB-31A601FBCE5D}"
EndProject
Global
	GlobalSection(SolutionConfigurationPlatforms) = preSolution
		Debug|Any CPU = Debug|Any CPU
		Release|Any CPU = Release|Any CPU
	EndGlobalSection
	GlobalSection(ProjectConfigurationPlatforms) = postSolution
		{9354AD52-B736-473B-A745-47FAE62EB8C9}.Debug|Any CPU.ActiveCfg = Debug|Any CPU
		{9354AD52-B736-473B-A745-47FAE62EB8C9}.Debug|Any CPU.Build.0 = Debug|Any CPU
		{9354AD52-B736-473B-A745-47FAE62EB8C9}.Release|Any CPU.ActiveCfg = Release|Any CPU
		{9354AD52-B736-473B-A745-47FAE62EB8C9}.Release|Any CPU.Build.0 = Release|Any CPU
		{5F0D11C5-3A59-4853-83F6-190190C50ADA}.Debug|Any CPU.ActiveCfg = Debug|Any CPU
		{5F0D11C5-3A59-4853-83F6-190190C50ADA}.Debug|Any CPU.Build.0 = Debug|Any CPU
		{5F0D11C5-3A59-4853-83F6-190190C50ADA}.Release|Any CPU.ActiveCfg = Release|Any CPU
		{5F0D11C5-3A59-4853-83F6-190190C50ADA}.Release|Any CPU.Build.0 = Release|Any CPU
		{6BCA6460-AD68-4F34-BFBB-31A601FBCE5D}.Debug|Any CPU.ActiveCfg = Debug|Any CPU
		{6BCA6460-AD68-4F34-BFBB-31A601FBCE5D}.Debug|Any CPU.Build.0 = Debug|Any CPU
		{6BCA6460-AD68-4F34-BFBB-31A601FBCE5D}.Release|Any CPU.ActiveCfg = Release|Any CPU
		{6BCA6460-AD68-4F34-BFBB-31A601FBCE5D}.Release|Any CPU.Build.0 = Release|Any CPU
	EndGlobalSection
	GlobalSection(SolutionProperties) = preSolution
		HideSolutionNode = FALSE
	EndGlobalSection
	GlobalSection(ExtensibilityGlobals) = postSolution
		SolutionGuid = {34716E58-A946-4070-9B20-DF982C047386}
	EndGlobalSection
EndGlobal
